
Microsoft Visual Studio Solution File, Format Version 12.00
# Visual Studio Version 16
VisualStudioVersion = 16.0.31911.196
MinimumVisualStudioVersion = 10.0.40219.1
Project("{FAE04EC0-301F-11D3-BF4B-00C04F79EFBC}") = "MoviesAppRating", "WindowsFormsApp1\MoviesAppRating.csproj", "{09E69FC7-EFFC-4C43-8CD1-2D84D349E324}"
EndProject
Project("{FAE04EC0-301F-11D3-BF4B-00C04F79EFBC}") = "DataAccessLayer", "DataAccessLayer\DataAccessLayer.csproj", "{8C033C4F-E6F2-4B7B-8DB8-799B96D0031E}"
EndProject
Project("{FAE04EC0-301F-11D3-BF4B-00C04F79EFBC}") = "BusinessLogicLayer", "BusinessLogicLayer\BusinessLogicLayer.csproj", "{079DDFBF-A53A-4AF3-A5C6-970258C21EB0}"
EndProject
Global
	GlobalSection(SolutionConfigurationPlatforms) = preSolution
		Debug|Any CPU = Debug|Any CPU
		Release|Any CPU = Release|Any CPU
	EndGlobalSection
	GlobalSection(ProjectConfigurationPlatforms) = postSolution
		{09E69FC7-EFFC-4C43-8CD1-2D84D349E324}.Debug|Any CPU.ActiveCfg = Debug|Any CPU
		{09E69FC7-EFFC-4C43-8CD1-2D84D349E324}.Debug|Any CPU.Build.0 = Debug|Any CPU
		{09E69FC7-EFFC-4C43-8CD1-2D84D349E324}.Release|Any CPU.ActiveCfg = Release|Any CPU
		{09E69FC7-EFFC-4C43-8CD1-2D84D349E324}.Release|Any CPU.Build.0 = Release|Any CPU
		{8C033C4F-E6F2-4B7B-8DB8-799B96D0031E}.Debug|Any CPU.ActiveCfg = Debug|Any CPU
		{8C033C4F-E6F2-4B7B-8DB8-799B96D0031E}.Debug|Any CPU.Build.0 = Debug|Any CPU
		{8C033C4F-E6F2-4B7B-8DB8-799B96D0031E}.Release|Any CPU.ActiveCfg = Release|Any CPU
		{8C033C4F-E6F2-4B7B-8DB8-799B96D0031E}.Release|Any CPU.Build.0 = Release|Any CPU
		{079DDFBF-A53A-4AF3-A5C6-970258C21EB0}.Debug|Any CPU.ActiveCfg = Debug|Any CPU
		{079DDFBF-A53A-4AF3-A5C6-970258C21EB0}.Debug|Any CPU.Build.0 = Debug|Any CPU
		{079DDFBF-A53A-4AF3-A5C6-970258C21EB0}.Release|Any CPU.ActiveCfg = Release|Any CPU
		{079DDFBF-A53A-4AF3-A5C6-970258C21EB0}.Release|Any CPU.Build.0 = Release|Any CPU
	EndGlobalSection
	GlobalSection(SolutionProperties) = preSolution
		HideSolutionNode = FALSE
	EndGlobalSection
	GlobalSection(ExtensibilityGlobals) = postSolution
		SolutionGuid = {877F00C6-4F58-4308-BE30-0272844F3955}
	EndGlobalSection
EndGlobal
